// !$*UTF8*$!
{
	archiveVersion = 1;
	classes = {
	};
	objectVersion = 46;
	objects = {

/* Begin PBXBuildFile section */
		2F102B852720728900433099 /* BPTaskTestViewController.m in Sources */ = {isa = PBXBuildFile; fileRef = 2F102B842720728900433099 /* BPTaskTestViewController.m */; };
		2F102B892720731600433099 /* BPAPMTestViewController.m in Sources */ = {isa = PBXBuildFile; fileRef = 2F102B882720731600433099 /* BPAPMTestViewController.m */; };
		2F102B8D272073AC00433099 /* BPPodLibraryTestViewController.m in Sources */ = {isa = PBXBuildFile; fileRef = 2F102B8C272073AC00433099 /* BPPodLibraryTestViewController.m */; };
		2F102B902720779E00433099 /* BPTableViewCell.m in Sources */ = {isa = PBXBuildFile; fileRef = 2F102B8F2720779E00433099 /* BPTableViewCell.m */; };
		2F78C0B72726FCF100C0E335 /* BPPrivateModelVC.m in Sources */ = {isa = PBXBuildFile; fileRef = 2F78C0B62726FCF100C0E335 /* BPPrivateModelVC.m */; };
		2F78C0BB2726FDD500C0E335 /* BPUserObject.m in Sources */ = {isa = PBXBuildFile; fileRef = 2F78C0BA2726FDD500C0E335 /* BPUserObject.m */; };
		2F7D7DCA2721B441003EEE74 /* BPPointerArrayVC.m in Sources */ = {isa = PBXBuildFile; fileRef = 2F7D7DC92721B441003EEE74 /* BPPointerArrayVC.m */; };
		2F7D7DCD2721B460003EEE74 /* BPPointArrayMgr.m in Sources */ = {isa = PBXBuildFile; fileRef = 2F7D7DCC2721B460003EEE74 /* BPPointArrayMgr.m */; };
		2F7D7DD02721B586003EEE74 /* BPPointerModel.m in Sources */ = {isa = PBXBuildFile; fileRef = 2F7D7DCF2721B586003EEE74 /* BPPointerModel.m */; };
		2FA909EE272791C00099A3F0 /* BPNetworkTestVC.m in Sources */ = {isa = PBXBuildFile; fileRef = 2FA909EC272791C00099A3F0 /* BPNetworkTestVC.m */; };
		2FA90D7C2727A2520099A3F0 /* BPMultiThreadVC.m in Sources */ = {isa = PBXBuildFile; fileRef = 2FA90D7B2727A2520099A3F0 /* BPMultiThreadVC.m */; };
		2FA90D7F2727A2A50099A3F0 /* BPMultiManager.m in Sources */ = {isa = PBXBuildFile; fileRef = 2FA90D7E2727A2A50099A3F0 /* BPMultiManager.m */; };
		2FC0B501273900060042CBB1 /* BPYYModelTestVC.m in Sources */ = {isa = PBXBuildFile; fileRef = 2FC0B500273900060042CBB1 /* BPYYModelTestVC.m */; };
		2FC63A7F2733802F0006DE6C /* BPBaseView.m in Sources */ = {isa = PBXBuildFile; fileRef = 2FC63A7E2733802F0006DE6C /* BPBaseView.m */; };
		2FC63A82273382BD0006DE6C /* BPDeriveTestVC.m in Sources */ = {isa = PBXBuildFile; fileRef = 2FC63A81273382BD0006DE6C /* BPDeriveTestVC.m */; };
		2FC63A85273383240006DE6C /* BPSubView1.m in Sources */ = {isa = PBXBuildFile; fileRef = 2FC63A84273383240006DE6C /* BPSubView1.m */; };
		2FC63A88273383340006DE6C /* BPSubView2.m in Sources */ = {isa = PBXBuildFile; fileRef = 2FC63A87273383340006DE6C /* BPSubView2.m */; };
		2FC64FCB27353C3D0006DE6C /* BPMemoryTestVC.m in Sources */ = {isa = PBXBuildFile; fileRef = 2FC64FCA27353C3D0006DE6C /* BPMemoryTestVC.m */; };
		2FC966FF272A92E0008819D1 /* BPTemplateVC.m in Sources */ = {isa = PBXBuildFile; fileRef = 2FC966FE272A92E0008819D1 /* BPTemplateVC.m */; };
		2FC96702272A92F8008819D1 /* BPTemplateBase.m in Sources */ = {isa = PBXBuildFile; fileRef = 2FC96701272A92F8008819D1 /* BPTemplateBase.m */; };
		2FC96705272A9314008819D1 /* BPTemplateSub.m in Sources */ = {isa = PBXBuildFile; fileRef = 2FC96704272A9313008819D1 /* BPTemplateSub.m */; };
		2FD76E7E2754F85800C62981 /* BPTaskView.m in Sources */ = {isa = PBXBuildFile; fileRef = 2FD76E7D2754F85800C62981 /* BPTaskView.m */; };
		2FD773232754F8D100C62981 /* YYBubbleTask.m in Sources */ = {isa = PBXBuildFile; fileRef = 2FD773222754F8D100C62981 /* YYBubbleTask.m */; };
		2FDB238D272F7C6D005DF5C5 /* BPMultiThreadSafeObject.m in Sources */ = {isa = PBXBuildFile; fileRef = 2FDB238C272F7C6D005DF5C5 /* BPMultiThreadSafeObject.m */; };
		2FDB2390272F7E99005DF5C5 /* BPMutableArray.m in Sources */ = {isa = PBXBuildFile; fileRef = 2FDB238F272F7E99005DF5C5 /* BPMutableArray.m */; };
		545F40E71056993860B1842C /* Pods_ModHookLibrary_Example.framework in Frameworks */ = {isa = PBXBuildFile; fileRef = 55595D1FDF89645129853311 /* Pods_ModHookLibrary_Example.framework */; };
		6003F58E195388D20070C39A /* Foundation.framework in Frameworks */ = {isa = PBXBuildFile; fileRef = 6003F58D195388D20070C39A /* Foundation.framework */; };
		6003F590195388D20070C39A /* CoreGraphics.framework in Frameworks */ = {isa = PBXBuildFile; fileRef = 6003F58F195388D20070C39A /* CoreGraphics.framework */; };
		6003F592195388D20070C39A /* UIKit.framework in Frameworks */ = {isa = PBXBuildFile; fileRef = 6003F591195388D20070C39A /* UIKit.framework */; };
		6003F598195388D20070C39A /* InfoPlist.strings in Resources */ = {isa = PBXBuildFile; fileRef = 6003F596195388D20070C39A /* InfoPlist.strings */; };
		6003F59A195388D20070C39A /* main.m in Sources */ = {isa = PBXBuildFile; fileRef = 6003F599195388D20070C39A /* main.m */; };
		6003F59E195388D20070C39A /* BPAppDelegate.m in Sources */ = {isa = PBXBuildFile; fileRef = 6003F59D195388D20070C39A /* BPAppDelegate.m */; };
		6003F5A7195388D20070C39A /* BPViewController.m in Sources */ = {isa = PBXBuildFile; fileRef = 6003F5A6195388D20070C39A /* BPViewController.m */; };
		6003F5A9195388D20070C39A /* Images.xcassets in Resources */ = {isa = PBXBuildFile; fileRef = 6003F5A8195388D20070C39A /* Images.xcassets */; };
		6003F5B0195388D20070C39A /* XCTest.framework in Frameworks */ = {isa = PBXBuildFile; fileRef = 6003F5AF195388D20070C39A /* XCTest.framework */; };
		6003F5B1195388D20070C39A /* Foundation.framework in Frameworks */ = {isa = PBXBuildFile; fileRef = 6003F58D195388D20070C39A /* Foundation.framework */; };
		6003F5B2195388D20070C39A /* UIKit.framework in Frameworks */ = {isa = PBXBuildFile; fileRef = 6003F591195388D20070C39A /* UIKit.framework */; };
		6003F5BA195388D20070C39A /* InfoPlist.strings in Resources */ = {isa = PBXBuildFile; fileRef = 6003F5B8195388D20070C39A /* InfoPlist.strings */; };
		6003F5BC195388D20070C39A /* Tests.m in Sources */ = {isa = PBXBuildFile; fileRef = 6003F5BB195388D20070C39A /* Tests.m */; };
		71719F9F1E33DC2100824A3D /* LaunchScreen.storyboard in Resources */ = {isa = PBXBuildFile; fileRef = 71719F9D1E33DC2100824A3D /* LaunchScreen.storyboard */; };
		873B8AEB1B1F5CCA007FD442 /* Main.storyboard in Resources */ = {isa = PBXBuildFile; fileRef = 873B8AEA1B1F5CCA007FD442 /* Main.storyboard */; };
		C69399F28812586ECFD71942 /* Pods_ModHookLibrary_Tests.framework in Frameworks */ = {isa = PBXBuildFile; fileRef = F81EEC7034F2805640AC2E15 /* Pods_ModHookLibrary_Tests.framework */; };
/* End PBXBuildFile section */

/* Begin PBXContainerItemProxy section */
		6003F5B3195388D20070C39A /* PBXContainerItemProxy */ = {
			isa = PBXContainerItemProxy;
			containerPortal = 6003F582195388D10070C39A /* Project object */;
			proxyType = 1;
			remoteGlobalIDString = 6003F589195388D20070C39A;
			remoteInfo = ModHookLibrary;
		};
/* End PBXContainerItemProxy section */

/* Begin PBXFileReference section */
		12681349A1680BC2EE4B8104 /* README.md */ = {isa = PBXFileReference; includeInIndex = 1; lastKnownFileType = net.daringfireball.markdown; name = README.md; path = ../README.md; sourceTree = "<group>"; };
		2F102B832720728900433099 /* BPTaskTestViewController.h */ = {isa = PBXFileReference; lastKnownFileType = sourcecode.c.h; path = BPTaskTestViewController.h; sourceTree = "<group>"; };
		2F102B842720728900433099 /* BPTaskTestViewController.m */ = {isa = PBXFileReference; lastKnownFileType = sourcecode.c.objc; path = BPTaskTestViewController.m; sourceTree = "<group>"; };
		2F102B872720731600433099 /* BPAPMTestViewController.h */ = {isa = PBXFileReference; lastKnownFileType = sourcecode.c.h; path = BPAPMTestViewController.h; sourceTree = "<group>"; };
		2F102B882720731600433099 /* BPAPMTestViewController.m */ = {isa = PBXFileReference; lastKnownFileType = sourcecode.c.objc; path = BPAPMTestViewController.m; sourceTree = "<group>"; };
		2F102B8B272073AC00433099 /* BPPodLibraryTestViewController.h */ = {isa = PBXFileReference; lastKnownFileType = sourcecode.c.h; path = BPPodLibraryTestViewController.h; sourceTree = "<group>"; };
		2F102B8C272073AC00433099 /* BPPodLibraryTestViewController.m */ = {isa = PBXFileReference; lastKnownFileType = sourcecode.c.objc; path = BPPodLibraryTestViewController.m; sourceTree = "<group>"; };
		2F102B8E2720779E00433099 /* BPTableViewCell.h */ = {isa = PBXFileReference; lastKnownFileType = sourcecode.c.h; path = BPTableViewCell.h; sourceTree = "<group>"; };
		2F102B8F2720779E00433099 /* BPTableViewCell.m */ = {isa = PBXFileReference; lastKnownFileType = sourcecode.c.objc; path = BPTableViewCell.m; sourceTree = "<group>"; };
		2F78C0B52726FCF100C0E335 /* BPPrivateModelVC.h */ = {isa = PBXFileReference; lastKnownFileType = sourcecode.c.h; path = BPPrivateModelVC.h; sourceTree = "<group>"; };
		2F78C0B62726FCF100C0E335 /* BPPrivateModelVC.m */ = {isa = PBXFileReference; lastKnownFileType = sourcecode.c.objc; path = BPPrivateModelVC.m; sourceTree = "<group>"; };
		2F78C0B82726FD6D00C0E335 /* IBPPrivateModelProtocol.h */ = {isa = PBXFileReference; lastKnownFileType = sourcecode.c.h; path = IBPPrivateModelProtocol.h; sourceTree = "<group>"; };
		2F78C0B92726FDD500C0E335 /* BPUserObject.h */ = {isa = PBXFileReference; lastKnownFileType = sourcecode.c.h; path = BPUserObject.h; sourceTree = "<group>"; };
		2F78C0BA2726FDD500C0E335 /* BPUserObject.m */ = {isa = PBXFileReference; lastKnownFileType = sourcecode.c.objc; path = BPUserObject.m; sourceTree = "<group>"; };
		2F7D7DC82721B441003EEE74 /* BPPointerArrayVC.h */ = {isa = PBXFileReference; lastKnownFileType = sourcecode.c.h; path = BPPointerArrayVC.h; sourceTree = "<group>"; };
		2F7D7DC92721B441003EEE74 /* BPPointerArrayVC.m */ = {isa = PBXFileReference; lastKnownFileType = sourcecode.c.objc; path = BPPointerArrayVC.m; sourceTree = "<group>"; };
		2F7D7DCB2721B460003EEE74 /* BPPointArrayMgr.h */ = {isa = PBXFileReference; lastKnownFileType = sourcecode.c.h; path = BPPointArrayMgr.h; sourceTree = "<group>"; };
		2F7D7DCC2721B460003EEE74 /* BPPointArrayMgr.m */ = {isa = PBXFileReference; lastKnownFileType = sourcecode.c.objc; path = BPPointArrayMgr.m; sourceTree = "<group>"; };
		2F7D7DCE2721B586003EEE74 /* BPPointerModel.h */ = {isa = PBXFileReference; lastKnownFileType = sourcecode.c.h; path = BPPointerModel.h; sourceTree = "<group>"; };
		2F7D7DCF2721B586003EEE74 /* BPPointerModel.m */ = {isa = PBXFileReference; lastKnownFileType = sourcecode.c.objc; path = BPPointerModel.m; sourceTree = "<group>"; };
		2F7D7DD12721B5DD003EEE74 /* IBPPointerProtocol.h */ = {isa = PBXFileReference; lastKnownFileType = sourcecode.c.h; path = IBPPointerProtocol.h; sourceTree = "<group>"; };
		2FA909EC272791C00099A3F0 /* BPNetworkTestVC.m */ = {isa = PBXFileReference; fileEncoding = 4; lastKnownFileType = sourcecode.c.objc; path = BPNetworkTestVC.m; sourceTree = "<group>"; };
		2FA909ED272791C00099A3F0 /* BPNetworkTestVC.h */ = {isa = PBXFileReference; fileEncoding = 4; lastKnownFileType = sourcecode.c.h; path = BPNetworkTestVC.h; sourceTree = "<group>"; };
		2FA90D7A2727A2520099A3F0 /* BPMultiThreadVC.h */ = {isa = PBXFileReference; lastKnownFileType = sourcecode.c.h; path = BPMultiThreadVC.h; sourceTree = "<group>"; };
		2FA90D7B2727A2520099A3F0 /* BPMultiThreadVC.m */ = {isa = PBXFileReference; lastKnownFileType = sourcecode.c.objc; path = BPMultiThreadVC.m; sourceTree = "<group>"; };
		2FA90D7D2727A2A50099A3F0 /* BPMultiManager.h */ = {isa = PBXFileReference; lastKnownFileType = sourcecode.c.h; path = BPMultiManager.h; sourceTree = "<group>"; };
		2FA90D7E2727A2A50099A3F0 /* BPMultiManager.m */ = {isa = PBXFileReference; lastKnownFileType = sourcecode.c.objc; path = BPMultiManager.m; sourceTree = "<group>"; };
		2FC0B4FF273900060042CBB1 /* BPYYModelTestVC.h */ = {isa = PBXFileReference; lastKnownFileType = sourcecode.c.h; path = BPYYModelTestVC.h; sourceTree = "<group>"; };
		2FC0B500273900060042CBB1 /* BPYYModelTestVC.m */ = {isa = PBXFileReference; lastKnownFileType = sourcecode.c.objc; path = BPYYModelTestVC.m; sourceTree = "<group>"; };
		2FC63A7D2733802E0006DE6C /* BPBaseView.h */ = {isa = PBXFileReference; lastKnownFileType = sourcecode.c.h; path = BPBaseView.h; sourceTree = "<group>"; };
		2FC63A7E2733802F0006DE6C /* BPBaseView.m */ = {isa = PBXFileReference; lastKnownFileType = sourcecode.c.objc; path = BPBaseView.m; sourceTree = "<group>"; };
		2FC63A80273382BD0006DE6C /* BPDeriveTestVC.h */ = {isa = PBXFileReference; lastKnownFileType = sourcecode.c.h; path = BPDeriveTestVC.h; sourceTree = "<group>"; };
		2FC63A81273382BD0006DE6C /* BPDeriveTestVC.m */ = {isa = PBXFileReference; lastKnownFileType = sourcecode.c.objc; path = BPDeriveTestVC.m; sourceTree = "<group>"; };
		2FC63A83273383240006DE6C /* BPSubView1.h */ = {isa = PBXFileReference; lastKnownFileType = sourcecode.c.h; path = BPSubView1.h; sourceTree = "<group>"; };
		2FC63A84273383240006DE6C /* BPSubView1.m */ = {isa = PBXFileReference; lastKnownFileType = sourcecode.c.objc; path = BPSubView1.m; sourceTree = "<group>"; };
		2FC63A86273383340006DE6C /* BPSubView2.h */ = {isa = PBXFileReference; lastKnownFileType = sourcecode.c.h; path = BPSubView2.h; sourceTree = "<group>"; };
		2FC63A87273383340006DE6C /* BPSubView2.m */ = {isa = PBXFileReference; lastKnownFileType = sourcecode.c.objc; path = BPSubView2.m; sourceTree = "<group>"; };
		2FC64FC927353C3D0006DE6C /* BPMemoryTestVC.h */ = {isa = PBXFileReference; lastKnownFileType = sourcecode.c.h; path = BPMemoryTestVC.h; sourceTree = "<group>"; };
		2FC64FCA27353C3D0006DE6C /* BPMemoryTestVC.m */ = {isa = PBXFileReference; lastKnownFileType = sourcecode.c.objc; path = BPMemoryTestVC.m; sourceTree = "<group>"; };
		2FC966FD272A92E0008819D1 /* BPTemplateVC.h */ = {isa = PBXFileReference; lastKnownFileType = sourcecode.c.h; path = BPTemplateVC.h; sourceTree = "<group>"; };
		2FC966FE272A92E0008819D1 /* BPTemplateVC.m */ = {isa = PBXFileReference; lastKnownFileType = sourcecode.c.objc; path = BPTemplateVC.m; sourceTree = "<group>"; };
		2FC96700272A92F8008819D1 /* BPTemplateBase.h */ = {isa = PBXFileReference; lastKnownFileType = sourcecode.c.h; path = BPTemplateBase.h; sourceTree = "<group>"; };
		2FC96701272A92F8008819D1 /* BPTemplateBase.m */ = {isa = PBXFileReference; lastKnownFileType = sourcecode.c.objc; path = BPTemplateBase.m; sourceTree = "<group>"; };
		2FC96703272A9313008819D1 /* BPTemplateSub.h */ = {isa = PBXFileReference; lastKnownFileType = sourcecode.c.h; path = BPTemplateSub.h; sourceTree = "<group>"; };
		2FC96704272A9313008819D1 /* BPTemplateSub.m */ = {isa = PBXFileReference; lastKnownFileType = sourcecode.c.objc; path = BPTemplateSub.m; sourceTree = "<group>"; };
		2FD76E7C2754F85800C62981 /* BPTaskView.h */ = {isa = PBXFileReference; lastKnownFileType = sourcecode.c.h; path = BPTaskView.h; sourceTree = "<group>"; };
		2FD76E7D2754F85800C62981 /* BPTaskView.m */ = {isa = PBXFileReference; lastKnownFileType = sourcecode.c.objc; path = BPTaskView.m; sourceTree = "<group>"; };
		2FD773212754F8D100C62981 /* YYBubbleTask.h */ = {isa = PBXFileReference; fileEncoding = 4; lastKnownFileType = sourcecode.c.h; path = YYBubbleTask.h; sourceTree = "<group>"; };
		2FD773222754F8D100C62981 /* YYBubbleTask.m */ = {isa = PBXFileReference; fileEncoding = 4; lastKnownFileType = sourcecode.c.objc; path = YYBubbleTask.m; sourceTree = "<group>"; };
		2FDB238B272F7C6D005DF5C5 /* BPMultiThreadSafeObject.h */ = {isa = PBXFileReference; lastKnownFileType = sourcecode.c.h; path = BPMultiThreadSafeObject.h; sourceTree = "<group>"; };
		2FDB238C272F7C6D005DF5C5 /* BPMultiThreadSafeObject.m */ = {isa = PBXFileReference; lastKnownFileType = sourcecode.c.objc; path = BPMultiThreadSafeObject.m; sourceTree = "<group>"; };
		2FDB238E272F7E99005DF5C5 /* BPMutableArray.h */ = {isa = PBXFileReference; lastKnownFileType = sourcecode.c.h; path = BPMutableArray.h; sourceTree = "<group>"; };
		2FDB238F272F7E99005DF5C5 /* BPMutableArray.m */ = {isa = PBXFileReference; lastKnownFileType = sourcecode.c.objc; path = BPMutableArray.m; sourceTree = "<group>"; };
		3FF95F849A1C867389655295 /* LICENSE */ = {isa = PBXFileReference; includeInIndex = 1; lastKnownFileType = text; name = LICENSE; path = ../LICENSE; sourceTree = "<group>"; };
		55595D1FDF89645129853311 /* Pods_ModHookLibrary_Example.framework */ = {isa = PBXFileReference; explicitFileType = wrapper.framework; includeInIndex = 0; path = Pods_ModHookLibrary_Example.framework; sourceTree = BUILT_PRODUCTS_DIR; };
		6003F58A195388D20070C39A /* ModHookLibrary_Example.app */ = {isa = PBXFileReference; explicitFileType = wrapper.application; includeInIndex = 0; path = ModHookLibrary_Example.app; sourceTree = BUILT_PRODUCTS_DIR; };
		6003F58D195388D20070C39A /* Foundation.framework */ = {isa = PBXFileReference; lastKnownFileType = wrapper.framework; name = Foundation.framework; path = System/Library/Frameworks/Foundation.framework; sourceTree = SDKROOT; };
		6003F58F195388D20070C39A /* CoreGraphics.framework */ = {isa = PBXFileReference; lastKnownFileType = wrapper.framework; name = CoreGraphics.framework; path = System/Library/Frameworks/CoreGraphics.framework; sourceTree = SDKROOT; };
		6003F591195388D20070C39A /* UIKit.framework */ = {isa = PBXFileReference; lastKnownFileType = wrapper.framework; name = UIKit.framework; path = System/Library/Frameworks/UIKit.framework; sourceTree = SDKROOT; };
		6003F595195388D20070C39A /* ModHookLibrary-Info.plist */ = {isa = PBXFileReference; lastKnownFileType = text.plist.xml; path = "ModHookLibrary-Info.plist"; sourceTree = "<group>"; };
		6003F597195388D20070C39A /* en */ = {isa = PBXFileReference; lastKnownFileType = text.plist.strings; name = en; path = en.lproj/InfoPlist.strings; sourceTree = "<group>"; };
		6003F599195388D20070C39A /* main.m */ = {isa = PBXFileReference; lastKnownFileType = sourcecode.c.objc; path = main.m; sourceTree = "<group>"; };
		6003F59B195388D20070C39A /* ModHookLibrary-Prefix.pch */ = {isa = PBXFileReference; lastKnownFileType = sourcecode.c.h; path = "ModHookLibrary-Prefix.pch"; sourceTree = "<group>"; };
		6003F59C195388D20070C39A /* BPAppDelegate.h */ = {isa = PBXFileReference; lastKnownFileType = sourcecode.c.h; path = BPAppDelegate.h; sourceTree = "<group>"; };
		6003F59D195388D20070C39A /* BPAppDelegate.m */ = {isa = PBXFileReference; lastKnownFileType = sourcecode.c.objc; path = BPAppDelegate.m; sourceTree = "<group>"; };
		6003F5A5195388D20070C39A /* BPViewController.h */ = {isa = PBXFileReference; lastKnownFileType = sourcecode.c.h; path = BPViewController.h; sourceTree = "<group>"; };
		6003F5A6195388D20070C39A /* BPViewController.m */ = {isa = PBXFileReference; lastKnownFileType = sourcecode.c.objc; path = BPViewController.m; sourceTree = "<group>"; };
		6003F5A8195388D20070C39A /* Images.xcassets */ = {isa = PBXFileReference; lastKnownFileType = folder.assetcatalog; path = Images.xcassets; sourceTree = "<group>"; };
		6003F5AE195388D20070C39A /* ModHookLibrary_Tests.xctest */ = {isa = PBXFileReference; explicitFileType = wrapper.cfbundle; includeInIndex = 0; path = ModHookLibrary_Tests.xctest; sourceTree = BUILT_PRODUCTS_DIR; };
		6003F5AF195388D20070C39A /* XCTest.framework */ = {isa = PBXFileReference; lastKnownFileType = wrapper.framework; name = XCTest.framework; path = Library/Frameworks/XCTest.framework; sourceTree = DEVELOPER_DIR; };
		6003F5B7195388D20070C39A /* Tests-Info.plist */ = {isa = PBXFileReference; lastKnownFileType = text.plist.xml; path = "Tests-Info.plist"; sourceTree = "<group>"; };
		6003F5B9195388D20070C39A /* en */ = {isa = PBXFileReference; lastKnownFileType = text.plist.strings; name = en; path = en.lproj/InfoPlist.strings; sourceTree = "<group>"; };
		6003F5BB195388D20070C39A /* Tests.m */ = {isa = PBXFileReference; lastKnownFileType = sourcecode.c.objc; path = Tests.m; sourceTree = "<group>"; };
		606FC2411953D9B200FFA9A0 /* Tests-Prefix.pch */ = {isa = PBXFileReference; lastKnownFileType = sourcecode.c.h; path = "Tests-Prefix.pch"; sourceTree = "<group>"; };
		71719F9E1E33DC2100824A3D /* Base */ = {isa = PBXFileReference; lastKnownFileType = file.storyboard; name = Base; path = Base.lproj/LaunchScreen.storyboard; sourceTree = "<group>"; };
		873B8AEA1B1F5CCA007FD442 /* Main.storyboard */ = {isa = PBXFileReference; fileEncoding = 4; lastKnownFileType = file.storyboard; name = Main.storyboard; path = Base.lproj/Main.storyboard; sourceTree = "<group>"; };
		953B32B878D3A5CADE092FF0 /* Pods-ModHookLibrary_Tests.release.xcconfig */ = {isa = PBXFileReference; includeInIndex = 1; lastKnownFileType = text.xcconfig; name = "Pods-ModHookLibrary_Tests.release.xcconfig"; path = "Target Support Files/Pods-ModHookLibrary_Tests/Pods-ModHookLibrary_Tests.release.xcconfig"; sourceTree = "<group>"; };
		A15331056143A4FFD208B105 /* Pods-ModHookLibrary_Tests.debug.xcconfig */ = {isa = PBXFileReference; includeInIndex = 1; lastKnownFileType = text.xcconfig; name = "Pods-ModHookLibrary_Tests.debug.xcconfig"; path = "Target Support Files/Pods-ModHookLibrary_Tests/Pods-ModHookLibrary_Tests.debug.xcconfig"; sourceTree = "<group>"; };
		B405A072C3D04D77A4A61662 /* Pods-ModHookLibrary_Example.release.xcconfig */ = {isa = PBXFileReference; includeInIndex = 1; lastKnownFileType = text.xcconfig; name = "Pods-ModHookLibrary_Example.release.xcconfig"; path = "Target Support Files/Pods-ModHookLibrary_Example/Pods-ModHookLibrary_Example.release.xcconfig"; sourceTree = "<group>"; };
		BBC020E7F4709AE598713B99 /* ModHookLibrary.podspec */ = {isa = PBXFileReference; includeInIndex = 1; lastKnownFileType = text; name = ModHookLibrary.podspec; path = ../ModHookLibrary.podspec; sourceTree = "<group>"; xcLanguageSpecificationIdentifier = xcode.lang.ruby; };
		DC32118DF96D2DCDF1AA9E76 /* Pods-ModHookLibrary_Example.debug.xcconfig */ = {isa = PBXFileReference; includeInIndex = 1; lastKnownFileType = text.xcconfig; name = "Pods-ModHookLibrary_Example.debug.xcconfig"; path = "Target Support Files/Pods-ModHookLibrary_Example/Pods-ModHookLibrary_Example.debug.xcconfig"; sourceTree = "<group>"; };
		F81EEC7034F2805640AC2E15 /* Pods_ModHookLibrary_Tests.framework */ = {isa = PBXFileReference; explicitFileType = wrapper.framework; includeInIndex = 0; path = Pods_ModHookLibrary_Tests.framework; sourceTree = BUILT_PRODUCTS_DIR; };
/* End PBXFileReference section */

/* Begin PBXFrameworksBuildPhase section */
		6003F587195388D20070C39A /* Frameworks */ = {
			isa = PBXFrameworksBuildPhase;
			buildActionMask = 2147483647;
			files = (
				6003F590195388D20070C39A /* CoreGraphics.framework in Frameworks */,
				6003F592195388D20070C39A /* UIKit.framework in Frameworks */,
				6003F58E195388D20070C39A /* Foundation.framework in Frameworks */,
				545F40E71056993860B1842C /* Pods_ModHookLibrary_Example.framework in Frameworks */,
			);
			runOnlyForDeploymentPostprocessing = 0;
		};
		6003F5AB195388D20070C39A /* Frameworks */ = {
			isa = PBXFrameworksBuildPhase;
			buildActionMask = 2147483647;
			files = (
				6003F5B0195388D20070C39A /* XCTest.framework in Frameworks */,
				6003F5B2195388D20070C39A /* UIKit.framework in Frameworks */,
				6003F5B1195388D20070C39A /* Foundation.framework in Frameworks */,
				C69399F28812586ECFD71942 /* Pods_ModHookLibrary_Tests.framework in Frameworks */,
			);
			runOnlyForDeploymentPostprocessing = 0;
		};
/* End PBXFrameworksBuildPhase section */

/* Begin PBXGroup section */
		2CA52E87CD702305F2D302BD /* Pods */ = {
			isa = PBXGroup;
			children = (
				DC32118DF96D2DCDF1AA9E76 /* Pods-ModHookLibrary_Example.debug.xcconfig */,
				B405A072C3D04D77A4A61662 /* Pods-ModHookLibrary_Example.release.xcconfig */,
				A15331056143A4FFD208B105 /* Pods-ModHookLibrary_Tests.debug.xcconfig */,
				953B32B878D3A5CADE092FF0 /* Pods-ModHookLibrary_Tests.release.xcconfig */,
			);
			path = Pods;
			sourceTree = "<group>";
		};
		2F102B822720726F00433099 /* TaskManager */ = {
			isa = PBXGroup;
			children = (
				2FD773212754F8D100C62981 /* YYBubbleTask.h */,
				2FD773222754F8D100C62981 /* YYBubbleTask.m */,
				2F102B832720728900433099 /* BPTaskTestViewController.h */,
				2F102B842720728900433099 /* BPTaskTestViewController.m */,
				2FD76E7C2754F85800C62981 /* BPTaskView.h */,
				2FD76E7D2754F85800C62981 /* BPTaskView.m */,
			);
			path = TaskManager;
			sourceTree = "<group>";
		};
		2F102B862720730400433099 /* AMP */ = {
			isa = PBXGroup;
			children = (
				2F102B872720731600433099 /* BPAPMTestViewController.h */,
				2F102B882720731600433099 /* BPAPMTestViewController.m */,
			);
			path = AMP;
			sourceTree = "<group>";
		};
		2F102B8A2720739600433099 /* PodLibrary */ = {
			isa = PBXGroup;
			children = (
				2F102B8B272073AC00433099 /* BPPodLibraryTestViewController.h */,
				2F102B8C272073AC00433099 /* BPPodLibraryTestViewController.m */,
			);
			path = PodLibrary;
			sourceTree = "<group>";
		};
		2F78C0B42726FCD400C0E335 /* PrivateModel */ = {
			isa = PBXGroup;
			children = (
				2F78C0B52726FCF100C0E335 /* BPPrivateModelVC.h */,
				2F78C0B62726FCF100C0E335 /* BPPrivateModelVC.m */,
				2F78C0B82726FD6D00C0E335 /* IBPPrivateModelProtocol.h */,
				2F78C0B92726FDD500C0E335 /* BPUserObject.h */,
				2F78C0BA2726FDD500C0E335 /* BPUserObject.m */,
			);
			path = PrivateModel;
			sourceTree = "<group>";
		};
		2F7D7DC72721B417003EEE74 /* NSPointerArray */ = {
			isa = PBXGroup;
			children = (
				2F7D7DC82721B441003EEE74 /* BPPointerArrayVC.h */,
				2F7D7DC92721B441003EEE74 /* BPPointerArrayVC.m */,
				2F7D7DCB2721B460003EEE74 /* BPPointArrayMgr.h */,
				2F7D7DCC2721B460003EEE74 /* BPPointArrayMgr.m */,
				2F7D7DCE2721B586003EEE74 /* BPPointerModel.h */,
				2F7D7DCF2721B586003EEE74 /* BPPointerModel.m */,
				2F7D7DD12721B5DD003EEE74 /* IBPPointerProtocol.h */,
			);
			path = NSPointerArray;
			sourceTree = "<group>";
		};
		2FA909EB272791C00099A3F0 /* Net */ = {
			isa = PBXGroup;
			children = (
				2FA909EC272791C00099A3F0 /* BPNetworkTestVC.m */,
				2FA909ED272791C00099A3F0 /* BPNetworkTestVC.h */,
			);
			path = Net;
			sourceTree = "<group>";
		};
		2FA909EF2727930B0099A3F0 /* MultiThread */ = {
			isa = PBXGroup;
			children = (
				2FA90D7A2727A2520099A3F0 /* BPMultiThreadVC.h */,
				2FA90D7B2727A2520099A3F0 /* BPMultiThreadVC.m */,
				2FA90D7D2727A2A50099A3F0 /* BPMultiManager.h */,
				2FA90D7E2727A2A50099A3F0 /* BPMultiManager.m */,
				2FDB238B272F7C6D005DF5C5 /* BPMultiThreadSafeObject.h */,
				2FDB238C272F7C6D005DF5C5 /* BPMultiThreadSafeObject.m */,
				2FDB238E272F7E99005DF5C5 /* BPMutableArray.h */,
				2FDB238F272F7E99005DF5C5 /* BPMutableArray.m */,
			);
			path = MultiThread;
			sourceTree = "<group>";
		};
		2FC0B4FE2738FFF30042CBB1 /* YYModel */ = {
			isa = PBXGroup;
			children = (
				2FC0B4FF273900060042CBB1 /* BPYYModelTestVC.h */,
				2FC0B500273900060042CBB1 /* BPYYModelTestVC.m */,
			);
			path = YYModel;
			sourceTree = "<group>";
		};
		2FC63A7C273380140006DE6C /* Derived */ = {
			isa = PBXGroup;
			children = (
				2FC63A7D2733802E0006DE6C /* BPBaseView.h */,
				2FC63A7E2733802F0006DE6C /* BPBaseView.m */,
				2FC63A80273382BD0006DE6C /* BPDeriveTestVC.h */,
				2FC63A81273382BD0006DE6C /* BPDeriveTestVC.m */,
				2FC63A83273383240006DE6C /* BPSubView1.h */,
				2FC63A84273383240006DE6C /* BPSubView1.m */,
				2FC63A86273383340006DE6C /* BPSubView2.h */,
				2FC63A87273383340006DE6C /* BPSubView2.m */,
			);
			path = Derived;
			sourceTree = "<group>";
		};
		2FC64FC827353BBF0006DE6C /* Memory */ = {
			isa = PBXGroup;
			children = (
				2FC64FC927353C3D0006DE6C /* BPMemoryTestVC.h */,
				2FC64FCA27353C3D0006DE6C /* BPMemoryTestVC.m */,
			);
			path = Memory;
			sourceTree = "<group>";
		};
		2FC966FC272A92C3008819D1 /* Template */ = {
			isa = PBXGroup;
			children = (
				2FC966FD272A92E0008819D1 /* BPTemplateVC.h */,
				2FC966FE272A92E0008819D1 /* BPTemplateVC.m */,
				2FC96700272A92F8008819D1 /* BPTemplateBase.h */,
				2FC96701272A92F8008819D1 /* BPTemplateBase.m */,
				2FC96703272A9313008819D1 /* BPTemplateSub.h */,
				2FC96704272A9313008819D1 /* BPTemplateSub.m */,
			);
			path = Template;
			sourceTree = "<group>";
		};
		6003F581195388D10070C39A = {
			isa = PBXGroup;
			children = (
				60FF7A9C1954A5C5007DD14C /* Podspec Metadata */,
				6003F593195388D20070C39A /* Example for ModHookLibrary */,
				6003F5B5195388D20070C39A /* Tests */,
				6003F58C195388D20070C39A /* Frameworks */,
				6003F58B195388D20070C39A /* Products */,
				2CA52E87CD702305F2D302BD /* Pods */,
			);
			sourceTree = "<group>";
		};
		6003F58B195388D20070C39A /* Products */ = {
			isa = PBXGroup;
			children = (
				6003F58A195388D20070C39A /* ModHookLibrary_Example.app */,
				6003F5AE195388D20070C39A /* ModHookLibrary_Tests.xctest */,
			);
			name = Products;
			sourceTree = "<group>";
		};
		6003F58C195388D20070C39A /* Frameworks */ = {
			isa = PBXGroup;
			children = (
				6003F58D195388D20070C39A /* Foundation.framework */,
				6003F58F195388D20070C39A /* CoreGraphics.framework */,
				6003F591195388D20070C39A /* UIKit.framework */,
				6003F5AF195388D20070C39A /* XCTest.framework */,
				55595D1FDF89645129853311 /* Pods_ModHookLibrary_Example.framework */,
				F81EEC7034F2805640AC2E15 /* Pods_ModHookLibrary_Tests.framework */,
			);
			name = Frameworks;
			sourceTree = "<group>";
		};
		6003F593195388D20070C39A /* Example for ModHookLibrary */ = {
			isa = PBXGroup;
			children = (
				2FC0B4FE2738FFF30042CBB1 /* YYModel */,
				2FC64FC827353BBF0006DE6C /* Memory */,
				2FC63A7C273380140006DE6C /* Derived */,
				2FC966FC272A92C3008819D1 /* Template */,
				2FA909EF2727930B0099A3F0 /* MultiThread */,
				2FA909EB272791C00099A3F0 /* Net */,
				2F78C0B42726FCD400C0E335 /* PrivateModel */,
				2F7D7DC72721B417003EEE74 /* NSPointerArray */,
				2F102B8A2720739600433099 /* PodLibrary */,
				2F102B862720730400433099 /* AMP */,
				2F102B822720726F00433099 /* TaskManager */,
				6003F59C195388D20070C39A /* BPAppDelegate.h */,
				6003F59D195388D20070C39A /* BPAppDelegate.m */,
				873B8AEA1B1F5CCA007FD442 /* Main.storyboard */,
				6003F5A5195388D20070C39A /* BPViewController.h */,
				6003F5A6195388D20070C39A /* BPViewController.m */,
				71719F9D1E33DC2100824A3D /* LaunchScreen.storyboard */,
				6003F5A8195388D20070C39A /* Images.xcassets */,
				6003F594195388D20070C39A /* Supporting Files */,
				2F102B8E2720779E00433099 /* BPTableViewCell.h */,
				2F102B8F2720779E00433099 /* BPTableViewCell.m */,
			);
			name = "Example for ModHookLibrary";
			path = ModHookLibrary;
			sourceTree = "<group>";
		};
		6003F594195388D20070C39A /* Supporting Files */ = {
			isa = PBXGroup;
			children = (
				6003F595195388D20070C39A /* ModHookLibrary-Info.plist */,
				6003F596195388D20070C39A /* InfoPlist.strings */,
				6003F599195388D20070C39A /* main.m */,
				6003F59B195388D20070C39A /* ModHookLibrary-Prefix.pch */,
			);
			name = "Supporting Files";
			sourceTree = "<group>";
		};
		6003F5B5195388D20070C39A /* Tests */ = {
			isa = PBXGroup;
			children = (
				6003F5BB195388D20070C39A /* Tests.m */,
				6003F5B6195388D20070C39A /* Supporting Files */,
			);
			path = Tests;
			sourceTree = "<group>";
		};
		6003F5B6195388D20070C39A /* Supporting Files */ = {
			isa = PBXGroup;
			children = (
				6003F5B7195388D20070C39A /* Tests-Info.plist */,
				6003F5B8195388D20070C39A /* InfoPlist.strings */,
				606FC2411953D9B200FFA9A0 /* Tests-Prefix.pch */,
			);
			name = "Supporting Files";
			sourceTree = "<group>";
		};
		60FF7A9C1954A5C5007DD14C /* Podspec Metadata */ = {
			isa = PBXGroup;
			children = (
				BBC020E7F4709AE598713B99 /* ModHookLibrary.podspec */,
				12681349A1680BC2EE4B8104 /* README.md */,
				3FF95F849A1C867389655295 /* LICENSE */,
			);
			name = "Podspec Metadata";
			sourceTree = "<group>";
		};
/* End PBXGroup section */

/* Begin PBXNativeTarget section */
		6003F589195388D20070C39A /* ModHookLibrary_Example */ = {
			isa = PBXNativeTarget;
			buildConfigurationList = 6003F5BF195388D20070C39A /* Build configuration list for PBXNativeTarget "ModHookLibrary_Example" */;
			buildPhases = (
				72FFD5625E15A672FE88B390 /* [CP] Check Pods Manifest.lock */,
				6003F586195388D20070C39A /* Sources */,
				6003F587195388D20070C39A /* Frameworks */,
				6003F588195388D20070C39A /* Resources */,
				6DC9C07C367E74005A1D5F82 /* [CP] Embed Pods Frameworks */,
			);
			buildRules = (
			);
			dependencies = (
			);
			name = ModHookLibrary_Example;
			productName = ModHookLibrary;
			productReference = 6003F58A195388D20070C39A /* ModHookLibrary_Example.app */;
			productType = "com.apple.product-type.application";
		};
		6003F5AD195388D20070C39A /* ModHookLibrary_Tests */ = {
			isa = PBXNativeTarget;
			buildConfigurationList = 6003F5C2195388D20070C39A /* Build configuration list for PBXNativeTarget "ModHookLibrary_Tests" */;
			buildPhases = (
				1BCE2CD5841C31C2EC2846EB /* [CP] Check Pods Manifest.lock */,
				6003F5AA195388D20070C39A /* Sources */,
				6003F5AB195388D20070C39A /* Frameworks */,
				6003F5AC195388D20070C39A /* Resources */,
				969F8018C15D69C74EEFFE15 /* [CP] Embed Pods Frameworks */,
			);
			buildRules = (
			);
			dependencies = (
				6003F5B4195388D20070C39A /* PBXTargetDependency */,
			);
			name = ModHookLibrary_Tests;
			productName = ModHookLibraryTests;
			productReference = 6003F5AE195388D20070C39A /* ModHookLibrary_Tests.xctest */;
			productType = "com.apple.product-type.bundle.unit-test";
		};
/* End PBXNativeTarget section */

/* Begin PBXProject section */
		6003F582195388D10070C39A /* Project object */ = {
			isa = PBXProject;
			attributes = {
				CLASSPREFIX = BP;
				LastUpgradeCheck = 0720;
				ORGANIZATIONNAME = wangfei5;
				TargetAttributes = {
					6003F589195388D20070C39A = {
						DevelopmentTeam = T6N2P4ST65;
					};
					6003F5AD195388D20070C39A = {
						TestTargetID = 6003F589195388D20070C39A;
					};
				};
			};
			buildConfigurationList = 6003F585195388D10070C39A /* Build configuration list for PBXProject "ModHookLibrary" */;
			compatibilityVersion = "Xcode 3.2";
			developmentRegion = English;
			hasScannedForEncodings = 0;
			knownRegions = (
				English,
				en,
				Base,
			);
			mainGroup = 6003F581195388D10070C39A;
			productRefGroup = 6003F58B195388D20070C39A /* Products */;
			projectDirPath = "";
			projectRoot = "";
			targets = (
				6003F589195388D20070C39A /* ModHookLibrary_Example */,
				6003F5AD195388D20070C39A /* ModHookLibrary_Tests */,
			);
		};
/* End PBXProject section */

/* Begin PBXResourcesBuildPhase section */
		6003F588195388D20070C39A /* Resources */ = {
			isa = PBXResourcesBuildPhase;
			buildActionMask = 2147483647;
			files = (
				873B8AEB1B1F5CCA007FD442 /* Main.storyboard in Resources */,
				71719F9F1E33DC2100824A3D /* LaunchScreen.storyboard in Resources */,
				6003F5A9195388D20070C39A /* Images.xcassets in Resources */,
				6003F598195388D20070C39A /* InfoPlist.strings in Resources */,
			);
			runOnlyForDeploymentPostprocessing = 0;
		};
		6003F5AC195388D20070C39A /* Resources */ = {
			isa = PBXResourcesBuildPhase;
			buildActionMask = 2147483647;
			files = (
				6003F5BA195388D20070C39A /* InfoPlist.strings in Resources */,
			);
			runOnlyForDeploymentPostprocessing = 0;
		};
/* End PBXResourcesBuildPhase section */

/* Begin PBXShellScriptBuildPhase section */
		1BCE2CD5841C31C2EC2846EB /* [CP] Check Pods Manifest.lock */ = {
			isa = PBXShellScriptBuildPhase;
			buildActionMask = 2147483647;
			files = (
			);
			inputFileListPaths = (
			);
			inputPaths = (
				"${PODS_PODFILE_DIR_PATH}/Podfile.lock",
				"${PODS_ROOT}/Manifest.lock",
			);
			name = "[CP] Check Pods Manifest.lock";
			outputFileListPaths = (
			);
			outputPaths = (
				"$(DERIVED_FILE_DIR)/Pods-ModHookLibrary_Tests-checkManifestLockResult.txt",
			);
			runOnlyForDeploymentPostprocessing = 0;
			shellPath = /bin/sh;
			shellScript = "diff \"${PODS_PODFILE_DIR_PATH}/Podfile.lock\" \"${PODS_ROOT}/Manifest.lock\" > /dev/null\nif [ $? != 0 ] ; then\n    # print error to STDERR\n    echo \"error: The sandbox is not in sync with the Podfile.lock. Run 'pod install' or update your CocoaPods installation.\" >&2\n    exit 1\nfi\n# This output is used by Xcode 'outputs' to avoid re-running this script phase.\necho \"SUCCESS\" > \"${SCRIPT_OUTPUT_FILE_0}\"\n";
			showEnvVarsInLog = 0;
		};
		6DC9C07C367E74005A1D5F82 /* [CP] Embed Pods Frameworks */ = {
			isa = PBXShellScriptBuildPhase;
			buildActionMask = 2147483647;
			files = (
			);
			inputPaths = (
				"${PODS_ROOT}/Target Support Files/Pods-ModHookLibrary_Example/Pods-ModHookLibrary_Example-frameworks.sh",
				"${BUILT_PRODUCTS_DIR}/AFNetworking/AFNetworking.framework",
				"${BUILT_PRODUCTS_DIR}/Masonry/Masonry.framework",
				"${BUILT_PRODUCTS_DIR}/ModHookLibrary/APM01.framework",
				"${BUILT_PRODUCTS_DIR}/SDWebImage/SDWebImage.framework",
				"${BUILT_PRODUCTS_DIR}/YYModel/YYModel.framework",
			);
			name = "[CP] Embed Pods Frameworks";
			outputPaths = (
				"${TARGET_BUILD_DIR}/${FRAMEWORKS_FOLDER_PATH}/AFNetworking.framework",
				"${TARGET_BUILD_DIR}/${FRAMEWORKS_FOLDER_PATH}/Masonry.framework",
				"${TARGET_BUILD_DIR}/${FRAMEWORKS_FOLDER_PATH}/APM01.framework",
				"${TARGET_BUILD_DIR}/${FRAMEWORKS_FOLDER_PATH}/SDWebImage.framework",
				"${TARGET_BUILD_DIR}/${FRAMEWORKS_FOLDER_PATH}/YYModel.framework",
			);
			runOnlyForDeploymentPostprocessing = 0;
			shellPath = /bin/sh;
			shellScript = "\"${PODS_ROOT}/Target Support Files/Pods-ModHookLibrary_Example/Pods-ModHookLibrary_Example-frameworks.sh\"\n";
			showEnvVarsInLog = 0;
		};
		72FFD5625E15A672FE88B390 /* [CP] Check Pods Manifest.lock */ = {
			isa = PBXShellScriptBuildPhase;
			buildActionMask = 2147483647;
			files = (
			);
			inputFileListPaths = (
			);
			inputPaths = (
				"${PODS_PODFILE_DIR_PATH}/Podfile.lock",
				"${PODS_ROOT}/Manifest.lock",
			);
			name = "[CP] Check Pods Manifest.lock";
			outputFileListPaths = (
			);
			outputPaths = (
				"$(DERIVED_FILE_DIR)/Pods-ModHookLibrary_Example-checkManifestLockResult.txt",
			);
			runOnlyForDeploymentPostprocessing = 0;
			shellPath = /bin/sh;
			shellScript = "diff \"${PODS_PODFILE_DIR_PATH}/Podfile.lock\" \"${PODS_ROOT}/Manifest.lock\" > /dev/null\nif [ $? != 0 ] ; then\n    # print error to STDERR\n    echo \"error: The sandbox is not in sync with the Podfile.lock. Run 'pod install' or update your CocoaPods installation.\" >&2\n    exit 1\nfi\n# This output is used by Xcode 'outputs' to avoid re-running this script phase.\necho \"SUCCESS\" > \"${SCRIPT_OUTPUT_FILE_0}\"\n";
			showEnvVarsInLog = 0;
		};
		969F8018C15D69C74EEFFE15 /* [CP] Embed Pods Frameworks */ = {
			isa = PBXShellScriptBuildPhase;
			buildActionMask = 2147483647;
			files = (
			);
			inputPaths = (
				"${PODS_ROOT}/Target Support Files/Pods-ModHookLibrary_Tests/Pods-ModHookLibrary_Tests-frameworks.sh",
				"${BUILT_PRODUCTS_DIR}/Expecta/Expecta.framework",
				"${BUILT_PRODUCTS_DIR}/Expecta+Snapshots/Expecta_Snapshots.framework",
				"${BUILT_PRODUCTS_DIR}/FBSnapshotTestCase/FBSnapshotTestCase.framework",
				"${BUILT_PRODUCTS_DIR}/Specta/Specta.framework",
			);
			name = "[CP] Embed Pods Frameworks";
			outputPaths = (
				"${TARGET_BUILD_DIR}/${FRAMEWORKS_FOLDER_PATH}/Expecta.framework",
				"${TARGET_BUILD_DIR}/${FRAMEWORKS_FOLDER_PATH}/Expecta_Snapshots.framework",
				"${TARGET_BUILD_DIR}/${FRAMEWORKS_FOLDER_PATH}/FBSnapshotTestCase.framework",
				"${TARGET_BUILD_DIR}/${FRAMEWORKS_FOLDER_PATH}/Specta.framework",
			);
			runOnlyForDeploymentPostprocessing = 0;
			shellPath = /bin/sh;
			shellScript = "\"${PODS_ROOT}/Target Support Files/Pods-ModHookLibrary_Tests/Pods-ModHookLibrary_Tests-frameworks.sh\"\n";
			showEnvVarsInLog = 0;
		};
/* End PBXShellScriptBuildPhase section */

/* Begin PBXSourcesBuildPhase section */
		6003F586195388D20070C39A /* Sources */ = {
			isa = PBXSourcesBuildPhase;
			buildActionMask = 2147483647;
			files = (
				2FC63A88273383340006DE6C /* BPSubView2.m in Sources */,
				2FC966FF272A92E0008819D1 /* BPTemplateVC.m in Sources */,
				2FA90D7F2727A2A50099A3F0 /* BPMultiManager.m in Sources */,
				2F78C0B72726FCF100C0E335 /* BPPrivateModelVC.m in Sources */,
				2F78C0BB2726FDD500C0E335 /* BPUserObject.m in Sources */,
				2F7D7DCA2721B441003EEE74 /* BPPointerArrayVC.m in Sources */,
				2FC96702272A92F8008819D1 /* BPTemplateBase.m in Sources */,
				2FDB2390272F7E99005DF5C5 /* BPMutableArray.m in Sources */,
				6003F59E195388D20070C39A /* BPAppDelegate.m in Sources */,
				2FC63A85273383240006DE6C /* BPSubView1.m in Sources */,
				2FC0B501273900060042CBB1 /* BPYYModelTestVC.m in Sources */,
				2FA909EE272791C00099A3F0 /* BPNetworkTestVC.m in Sources */,
				2FC63A7F2733802F0006DE6C /* BPBaseView.m in Sources */,
				2F102B852720728900433099 /* BPTaskTestViewController.m in Sources */,
				2FC63A82273382BD0006DE6C /* BPDeriveTestVC.m in Sources */,
				2FDB238D272F7C6D005DF5C5 /* BPMultiThreadSafeObject.m in Sources */,
				2FC64FCB27353C3D0006DE6C /* BPMemoryTestVC.m in Sources */,
				2FA90D7C2727A2520099A3F0 /* BPMultiThreadVC.m in Sources */,
				2F102B8D272073AC00433099 /* BPPodLibraryTestViewController.m in Sources */,
				2FD76E7E2754F85800C62981 /* BPTaskView.m in Sources */,
				2F7D7DCD2721B460003EEE74 /* BPPointArrayMgr.m in Sources */,
				6003F5A7195388D20070C39A /* BPViewController.m in Sources */,
				2F102B892720731600433099 /* BPAPMTestViewController.m in Sources */,
				2FC96705272A9314008819D1 /* BPTemplateSub.m in Sources */,
				2F102B902720779E00433099 /* BPTableViewCell.m in Sources */,
				6003F59A195388D20070C39A /* main.m in Sources */,
				2FD773232754F8D100C62981 /* YYBubbleTask.m in Sources */,
				2F7D7DD02721B586003EEE74 /* BPPointerModel.m in Sources */,
			);
			runOnlyForDeploymentPostprocessing = 0;
		};
		6003F5AA195388D20070C39A /* Sources */ = {
			isa = PBXSourcesBuildPhase;
			buildActionMask = 2147483647;
			files = (
				6003F5BC195388D20070C39A /* Tests.m in Sources */,
			);
			runOnlyForDeploymentPostprocessing = 0;
		};
/* End PBXSourcesBuildPhase section */

/* Begin PBXTargetDependency section */
		6003F5B4195388D20070C39A /* PBXTargetDependency */ = {
			isa = PBXTargetDependency;
			target = 6003F589195388D20070C39A /* ModHookLibrary_Example */;
			targetProxy = 6003F5B3195388D20070C39A /* PBXContainerItemProxy */;
		};
/* End PBXTargetDependency section */

/* Begin PBXVariantGroup section */
		6003F596195388D20070C39A /* InfoPlist.strings */ = {
			isa = PBXVariantGroup;
			children = (
				6003F597195388D20070C39A /* en */,
			);
			name = InfoPlist.strings;
			sourceTree = "<group>";
		};
		6003F5B8195388D20070C39A /* InfoPlist.strings */ = {
			isa = PBXVariantGroup;
			children = (
				6003F5B9195388D20070C39A /* en */,
			);
			name = InfoPlist.strings;
			sourceTree = "<group>";
		};
		71719F9D1E33DC2100824A3D /* LaunchScreen.storyboard */ = {
			isa = PBXVariantGroup;
			children = (
				71719F9E1E33DC2100824A3D /* Base */,
			);
			name = LaunchScreen.storyboard;
			sourceTree = "<group>";
		};
/* End PBXVariantGroup section */

/* Begin XCBuildConfiguration section */
		6003F5BD195388D20070C39A /* Debug */ = {
			isa = XCBuildConfiguration;
			buildSettings = {
				ALWAYS_SEARCH_USER_PATHS = NO;
				CLANG_CXX_LANGUAGE_STANDARD = "gnu++0x";
				CLANG_CXX_LIBRARY = "libc++";
				CLANG_ENABLE_MODULES = YES;
				CLANG_ENABLE_OBJC_ARC = YES;
				CLANG_WARN_BOOL_CONVERSION = YES;
				CLANG_WARN_CONSTANT_CONVERSION = YES;
				CLANG_WARN_DIRECT_OBJC_ISA_USAGE = YES_ERROR;
				CLANG_WARN_EMPTY_BODY = YES;
				CLANG_WARN_ENUM_CONVERSION = YES;
				CLANG_WARN_INT_CONVERSION = YES;
				CLANG_WARN_OBJC_ROOT_CLASS = YES_ERROR;
				CLANG_WARN__DUPLICATE_METHOD_MATCH = YES;
				"CODE_SIGN_IDENTITY[sdk=iphoneos*]" = "iPhone Developer";
				COPY_PHASE_STRIP = NO;
				ENABLE_TESTABILITY = YES;
				GCC_C_LANGUAGE_STANDARD = gnu99;
				GCC_DYNAMIC_NO_PIC = NO;
				GCC_OPTIMIZATION_LEVEL = 0;
				GCC_PREPROCESSOR_DEFINITIONS = (
					"DEBUG=1",
					"$(inherited)",
				);
				GCC_SYMBOLS_PRIVATE_EXTERN = NO;
				GCC_WARN_64_TO_32_BIT_CONVERSION = YES;
				GCC_WARN_ABOUT_RETURN_TYPE = YES_ERROR;
				GCC_WARN_UNDECLARED_SELECTOR = YES;
				GCC_WARN_UNINITIALIZED_AUTOS = YES_AGGRESSIVE;
				GCC_WARN_UNUSED_FUNCTION = YES;
				GCC_WARN_UNUSED_VARIABLE = YES;
				IPHONEOS_DEPLOYMENT_TARGET = 9.0;
				ONLY_ACTIVE_ARCH = YES;
				SDKROOT = iphoneos;
				TARGETED_DEVICE_FAMILY = "1,2";
			};
			name = Debug;
		};
		6003F5BE195388D20070C39A /* Release */ = {
			isa = XCBuildConfiguration;
			buildSettings = {
				ALWAYS_SEARCH_USER_PATHS = NO;
				CLANG_CXX_LANGUAGE_STANDARD = "gnu++0x";
				CLANG_CXX_LIBRARY = "libc++";
				CLANG_ENABLE_MODULES = YES;
				CLANG_ENABLE_OBJC_ARC = YES;
				CLANG_WARN_BOOL_CONVERSION = YES;
				CLANG_WARN_CONSTANT_CONVERSION = YES;
				CLANG_WARN_DIRECT_OBJC_ISA_USAGE = YES_ERROR;
				CLANG_WARN_EMPTY_BODY = YES;
				CLANG_WARN_ENUM_CONVERSION = YES;
				CLANG_WARN_INT_CONVERSION = YES;
				CLANG_WARN_OBJC_ROOT_CLASS = YES_ERROR;
				CLANG_WARN__DUPLICATE_METHOD_MATCH = YES;
				"CODE_SIGN_IDENTITY[sdk=iphoneos*]" = "iPhone Developer";
				COPY_PHASE_STRIP = YES;
				ENABLE_NS_ASSERTIONS = NO;
				GCC_C_LANGUAGE_STANDARD = gnu99;
				GCC_WARN_64_TO_32_BIT_CONVERSION = YES;
				GCC_WARN_ABOUT_RETURN_TYPE = YES_ERROR;
				GCC_WARN_UNDECLARED_SELECTOR = YES;
				GCC_WARN_UNINITIALIZED_AUTOS = YES_AGGRESSIVE;
				GCC_WARN_UNUSED_FUNCTION = YES;
				GCC_WARN_UNUSED_VARIABLE = YES;
				IPHONEOS_DEPLOYMENT_TARGET = 9.0;
				SDKROOT = iphoneos;
				TARGETED_DEVICE_FAMILY = "1,2";
				VALIDATE_PRODUCT = YES;
			};
			name = Release;
		};
		6003F5C0195388D20070C39A /* Debug */ = {
			isa = XCBuildConfiguration;
			baseConfigurationReference = DC32118DF96D2DCDF1AA9E76 /* Pods-ModHookLibrary_Example.debug.xcconfig */;
			buildSettings = {
				ASSETCATALOG_COMPILER_APPICON_NAME = AppIcon;
				DEVELOPMENT_TEAM = T6N2P4ST65;
				EXCLUDED_ARCHS = "";
				GCC_PRECOMPILE_PREFIX_HEADER = YES;
				GCC_PREFIX_HEADER = "ModHookLibrary/ModHookLibrary-Prefix.pch";
				GCC_WARN_ABOUT_RETURN_TYPE = YES_ERROR;
				INFOPLIST_FILE = "ModHookLibrary/ModHookLibrary-Info.plist";
				IPHONEOS_DEPLOYMENT_TARGET = 9.0;
				MODULE_NAME = ExampleApp;
				PRODUCT_BUNDLE_IDENTIFIER = "org.cocoapods.demo.${PRODUCT_NAME:rfc1034identifier}";
				PRODUCT_NAME = "$(TARGET_NAME)";
				SWIFT_VERSION = 4.0;
				WRAPPER_EXTENSION = app;
			};
			name = Debug;
		};
		6003F5C1195388D20070C39A /* Release */ = {
			isa = XCBuildConfiguration;
			baseConfigurationReference = B405A072C3D04D77A4A61662 /* Pods-ModHookLibrary_Example.release.xcconfig */;
			buildSettings = {
				ASSETCATALOG_COMPILER_APPICON_NAME = AppIcon;
				DEVELOPMENT_TEAM = T6N2P4ST65;
				EXCLUDED_ARCHS = "";
				"EXCLUDED_ARCHS[sdk=iphonesimulator*]" = arm64;
				GCC_PRECOMPILE_PREFIX_HEADER = YES;
				GCC_PREFIX_HEADER = "ModHookLibrary/ModHookLibrary-Prefix.pch";
				GCC_WARN_ABOUT_RETURN_TYPE = YES_ERROR;
				INFOPLIST_FILE = "ModHookLibrary/ModHookLibrary-Info.plist";
				IPHONEOS_DEPLOYMENT_TARGET = 9.0;
				MODULE_NAME = ExampleApp;
				PRODUCT_BUNDLE_IDENTIFIER = "org.cocoapods.demo.${PRODUCT_NAME:rfc1034identifier}";
				PRODUCT_NAME = "$(TARGET_NAME)";
				SWIFT_VERSION = 4.0;
				WRAPPER_EXTENSION = app;
			};
			name = Release;
		};
		6003F5C3195388D20070C39A /* Debug */ = {
			isa = XCBuildConfiguration;
			baseConfigurationReference = A15331056143A4FFD208B105 /* Pods-ModHookLibrary_Tests.debug.xcconfig */;
			buildSettings = {
				BUNDLE_LOADER = "$(TEST_HOST)";
				FRAMEWORK_SEARCH_PATHS = (
					"$(PLATFORM_DIR)/Developer/Library/Frameworks",
					"$(inherited)",
					"$(DEVELOPER_FRAMEWORKS_DIR)",
				);
				GCC_PRECOMPILE_PREFIX_HEADER = YES;
				GCC_PREFIX_HEADER = "Tests/Tests-Prefix.pch";
				GCC_PREPROCESSOR_DEFINITIONS = (
					"DEBUG=1",
					"$(inherited)",
				);
				INFOPLIST_FILE = "Tests/Tests-Info.plist";
				PRODUCT_BUNDLE_IDENTIFIER = "org.cocoapods.demo.${PRODUCT_NAME:rfc1034identifier}";
				PRODUCT_NAME = "$(TARGET_NAME)";
				SWIFT_VERSION = 4.0;
				TEST_HOST = "$(BUILT_PRODUCTS_DIR)/ModHookLibrary_Example.app/ModHookLibrary_Example";
				WRAPPER_EXTENSION = xctest;
			};
			name = Debug;
		};
		6003F5C4195388D20070C39A /* Release */ = {
			isa = XCBuildConfiguration;
			baseConfigurationReference = 953B32B878D3A5CADE092FF0 /* Pods-ModHookLibrary_Tests.release.xcconfig */;
			buildSettings = {
				BUNDLE_LOADER = "$(TEST_HOST)";
				FRAMEWORK_SEARCH_PATHS = (
					"$(PLATFORM_DIR)/Developer/Library/Frameworks",
					"$(inherited)",
					"$(DEVELOPER_FRAMEWORKS_DIR)",
				);
				GCC_PRECOMPILE_PREFIX_HEADER = YES;
				GCC_PREFIX_HEADER = "Tests/Tests-Prefix.pch";
				INFOPLIST_FILE = "Tests/Tests-Info.plist";
				PRODUCT_BUNDLE_IDENTIFIER = "org.cocoapods.demo.${PRODUCT_NAME:rfc1034identifier}";
				PRODUCT_NAME = "$(TARGET_NAME)";
				SWIFT_VERSION = 4.0;
				TEST_HOST = "$(BUILT_PRODUCTS_DIR)/ModHookLibrary_Example.app/ModHookLibrary_Example";
				WRAPPER_EXTENSION = xctest;
			};
			name = Release;
		};
/* End XCBuildConfiguration section */

/* Begin XCConfigurationList section */
		6003F585195388D10070C39A /* Build configuration list for PBXProject "ModHookLibrary" */ = {
			isa = XCConfigurationList;
			buildConfigurations = (
				6003F5BD195388D20070C39A /* Debug */,
				6003F5BE195388D20070C39A /* Release */,
			);
			defaultConfigurationIsVisible = 0;
			defaultConfigurationName = Release;
		};
		6003F5BF195388D20070C39A /* Build configuration list for PBXNativeTarget "ModHookLibrary_Example" */ = {
			isa = XCConfigurationList;
			buildConfigurations = (
				6003F5C0195388D20070C39A /* Debug */,
				6003F5C1195388D20070C39A /* Release */,
			);
			defaultConfigurationIsVisible = 0;
			defaultConfigurationName = Release;
		};
		6003F5C2195388D20070C39A /* Build configuration list for PBXNativeTarget "ModHookLibrary_Tests" */ = {
			isa = XCConfigurationList;
			buildConfigurations = (
				6003F5C3195388D20070C39A /* Debug */,
				6003F5C4195388D20070C39A /* Release */,
			);
			defaultConfigurationIsVisible = 0;
			defaultConfigurationName = Release;
		};
/* End XCConfigurationList section */
	};
	rootObject = 6003F582195388D10070C39A /* Project object */;
}
